
Microsoft Visual Studio Solution File, Format Version 12.00
# Visual Studio Version 17
VisualStudioVersion = 17.0.31903.59
MinimumVisualStudioVersion = 10.0.40219.1
Project("{FAE04EC0-301F-11D3-BF4B-00C04F79EFBC}") = "FindHoneyPos.Api", "FindHoneyPos.Api\FindHoneyPos.Api.csproj", "{3D5CE0B3-0F06-4956-9972-B6F90F60ADA4}"
EndProject
Project("{FAE04EC0-301F-11D3-BF4B-00C04F79EFBC}") = "FindHoneyPos.Core", "FindHoneyPos.Core\FindHoneyPos.Core.csproj", "{102053B5-313F-4262-8D78-BAA77345A2CB}"
EndProject
Project("{FAE04EC0-301F-11D3-BF4B-00C04F79EFBC}") = "FindHoneyPos.Infrastructure", "FindHoneyPos.Infrastructure\FindHoneyPos.Infrastructure.csproj", "{41C4FAEC-F446-4EDE-9CAA-7BA3169E5A8F}"
EndProject
Project("{FAE04EC0-301F-11D3-BF4B-00C04F79EFBC}") = "FindHoneyPos.Tests", "FindHoneyPos.Tests\FindHoneyPos.Tests.csproj", "{93626EE7-2B0B-45FF-9D06-E730BB9E82D5}"
EndProject
Global
	GlobalSection(SolutionConfigurationPlatforms) = preSolution
		Debug|Any CPU = Debug|Any CPU
		Release|Any CPU = Release|Any CPU
	EndGlobalSection
	GlobalSection(SolutionProperties) = preSolution
		HideSolutionNode = FALSE
	EndGlobalSection
	GlobalSection(ProjectConfigurationPlatforms) = postSolution
		{3D5CE0B3-0F06-4956-9972-B6F90F60ADA4}.Debug|Any CPU.ActiveCfg = Debug|Any CPU
		{3D5CE0B3-0F06-4956-9972-B6F90F60ADA4}.Debug|Any CPU.Build.0 = Debug|Any CPU
		{3D5CE0B3-0F06-4956-9972-B6F90F60ADA4}.Release|Any CPU.ActiveCfg = Release|Any CPU
		{3D5CE0B3-0F06-4956-9972-B6F90F60ADA4}.Release|Any CPU.Build.0 = Release|Any CPU
		{102053B5-313F-4262-8D78-BAA77345A2CB}.Debug|Any CPU.ActiveCfg = Debug|Any CPU
		{102053B5-313F-4262-8D78-BAA77345A2CB}.Debug|Any CPU.Build.0 = Debug|Any CPU
		{102053B5-313F-4262-8D78-BAA77345A2CB}.Release|Any CPU.ActiveCfg = Release|Any CPU
		{102053B5-313F-4262-8D78-BAA77345A2CB}.Release|Any CPU.Build.0 = Release|Any CPU
		{41C4FAEC-F446-4EDE-9CAA-7BA3169E5A8F}.Debug|Any CPU.ActiveCfg = Debug|Any CPU
		{41C4FAEC-F446-4EDE-9CAA-7BA3169E5A8F}.Debug|Any CPU.Build.0 = Debug|Any CPU
		{41C4FAEC-F446-4EDE-9CAA-7BA3169E5A8F}.Release|Any CPU.ActiveCfg = Release|Any CPU
		{41C4FAEC-F446-4EDE-9CAA-7BA3169E5A8F}.Release|Any CPU.Build.0 = Release|Any CPU
		{93626EE7-2B0B-45FF-9D06-E730BB9E82D5}.Debug|Any CPU.ActiveCfg = Debug|Any CPU
		{93626EE7-2B0B-45FF-9D06-E730BB9E82D5}.Debug|Any CPU.Build.0 = Debug|Any CPU
		{93626EE7-2B0B-45FF-9D06-E730BB9E82D5}.Release|Any CPU.ActiveCfg = Release|Any CPU
		{93626EE7-2B0B-45FF-9D06-E730BB9E82D5}.Release|Any CPU.Build.0 = Release|Any CPU
	EndGlobalSection
EndGlobal
